// !$*UTF8*$!
{
	archiveVersion = 1;
	classes = {
	};
	objectVersion = 55;
	objects = {

/* Begin PBXBuildFile section */
		73B674E727E1399700EA406D /* AppDelegate.swift in Sources */ = {isa = PBXBuildFile; fileRef = 73B674E627E1399700EA406D /* AppDelegate.swift */; };
		73B674E927E1399700EA406D /* SceneDelegate.swift in Sources */ = {isa = PBXBuildFile; fileRef = 73B674E827E1399700EA406D /* SceneDelegate.swift */; };
		73B674EB27E1399700EA406D /* LoginViewController.swift in Sources */ = {isa = PBXBuildFile; fileRef = 73B674EA27E1399700EA406D /* LoginViewController.swift */; };
		73B674EE27E1399700EA406D /* Main.storyboard in Resources */ = {isa = PBXBuildFile; fileRef = 73B674EC27E1399700EA406D /* Main.storyboard */; };
		73B674F027E1399A00EA406D /* Assets.xcassets in Resources */ = {isa = PBXBuildFile; fileRef = 73B674EF27E1399A00EA406D /* Assets.xcassets */; };
		73B674F327E1399A00EA406D /* LaunchScreen.storyboard in Resources */ = {isa = PBXBuildFile; fileRef = 73B674F127E1399A00EA406D /* LaunchScreen.storyboard */; };
		73B674FD27E13D7A00EA406D /* MapViewController.swift in Sources */ = {isa = PBXBuildFile; fileRef = 73B674FC27E13D7A00EA406D /* MapViewController.swift */; };
		73B674FF27E13DAB00EA406D /* ListViewController.swift in Sources */ = {isa = PBXBuildFile; fileRef = 73B674FE27E13DAB00EA406D /* ListViewController.swift */; };
		73B9D70327E142A900FC82AD /* StudentInformation.swift in Sources */ = {isa = PBXBuildFile; fileRef = 73B9D70227E142A900FC82AD /* StudentInformation.swift */; };
		73B9D70827E2936D00FC82AD /* UdacityClient.swift in Sources */ = {isa = PBXBuildFile; fileRef = 73B9D70727E2936D00FC82AD /* UdacityClient.swift */; };
		73B9D70B27E2949500FC82AD /* UdacityCredentials.swift in Sources */ = {isa = PBXBuildFile; fileRef = 73B9D70A27E2949500FC82AD /* UdacityCredentials.swift */; };
		73B9D71127E2D3E500FC82AD /* LoginResponse.swift in Sources */ = {isa = PBXBuildFile; fileRef = 73B9D71027E2D3E500FC82AD /* LoginResponse.swift */; };
		73B9D71427E2E70700FC82AD /* StudentData.swift in Sources */ = {isa = PBXBuildFile; fileRef = 73B9D71327E2E70700FC82AD /* StudentData.swift */; };
		73B9D71627E2EA3200FC82AD /* StudentInformationResponse.swift in Sources */ = {isa = PBXBuildFile; fileRef = 73B9D71527E2EA3200FC82AD /* StudentInformationResponse.swift */; };
		73B9D71827E39A5900FC82AD /* StudentLocation.swift in Sources */ = {isa = PBXBuildFile; fileRef = 73B9D71727E39A5900FC82AD /* StudentLocation.swift */; };
		73B9D71C27E3D0D900FC82AD /* ErrorResponse.swift in Sources */ = {isa = PBXBuildFile; fileRef = 73B9D71B27E3D0D900FC82AD /* ErrorResponse.swift */; };
		73B9D72227E3E45200FC82AD /* BaseViewController.swift in Sources */ = {isa = PBXBuildFile; fileRef = 73B9D72127E3E45200FC82AD /* BaseViewController.swift */; };
/* End PBXBuildFile section */

/* Begin PBXFileReference section */
		73B674E327E1399700EA406D /* OnTheMap.app */ = {isa = PBXFileReference; explicitFileType = wrapper.application; includeInIndex = 0; path = OnTheMap.app; sourceTree = BUILT_PRODUCTS_DIR; };
		73B674E627E1399700EA406D /* AppDelegate.swift */ = {isa = PBXFileReference; lastKnownFileType = sourcecode.swift; path = AppDelegate.swift; sourceTree = "<group>"; };
		73B674E827E1399700EA406D /* SceneDelegate.swift */ = {isa = PBXFileReference; lastKnownFileType = sourcecode.swift; path = SceneDelegate.swift; sourceTree = "<group>"; };
		73B674EA27E1399700EA406D /* LoginViewController.swift */ = {isa = PBXFileReference; lastKnownFileType = sourcecode.swift; path = LoginViewController.swift; sourceTree = "<group>"; };
		73B674ED27E1399700EA406D /* Base */ = {isa = PBXFileReference; lastKnownFileType = file.storyboard; name = Base; path = Base.lproj/Main.storyboard; sourceTree = "<group>"; };
		73B674EF27E1399A00EA406D /* Assets.xcassets */ = {isa = PBXFileReference; lastKnownFileType = folder.assetcatalog; path = Assets.xcassets; sourceTree = "<group>"; };
		73B674F227E1399A00EA406D /* Base */ = {isa = PBXFileReference; lastKnownFileType = file.storyboard; name = Base; path = Base.lproj/LaunchScreen.storyboard; sourceTree = "<group>"; };
		73B674F427E1399A00EA406D /* Info.plist */ = {isa = PBXFileReference; lastKnownFileType = text.plist.xml; path = Info.plist; sourceTree = "<group>"; };
		73B674FC27E13D7A00EA406D /* MapViewController.swift */ = {isa = PBXFileReference; lastKnownFileType = sourcecode.swift; path = MapViewController.swift; sourceTree = "<group>"; };
		73B674FE27E13DAB00EA406D /* ListViewController.swift */ = {isa = PBXFileReference; lastKnownFileType = sourcecode.swift; path = ListViewController.swift; sourceTree = "<group>"; };
		73B9D70227E142A900FC82AD /* StudentInformation.swift */ = {isa = PBXFileReference; lastKnownFileType = sourcecode.swift; path = StudentInformation.swift; sourceTree = "<group>"; };
		73B9D70727E2936D00FC82AD /* UdacityClient.swift */ = {isa = PBXFileReference; lastKnownFileType = sourcecode.swift; path = UdacityClient.swift; sourceTree = "<group>"; };
		73B9D70A27E2949500FC82AD /* UdacityCredentials.swift */ = {isa = PBXFileReference; lastKnownFileType = sourcecode.swift; path = UdacityCredentials.swift; sourceTree = "<group>"; };
		73B9D71027E2D3E500FC82AD /* LoginResponse.swift */ = {isa = PBXFileReference; lastKnownFileType = sourcecode.swift; path = LoginResponse.swift; sourceTree = "<group>"; };
		73B9D71327E2E70700FC82AD /* StudentData.swift */ = {isa = PBXFileReference; lastKnownFileType = sourcecode.swift; path = StudentData.swift; sourceTree = "<group>"; };
		73B9D71527E2EA3200FC82AD /* StudentInformationResponse.swift */ = {isa = PBXFileReference; lastKnownFileType = sourcecode.swift; path = StudentInformationResponse.swift; sourceTree = "<group>"; };
		73B9D71727E39A5900FC82AD /* StudentLocation.swift */ = {isa = PBXFileReference; lastKnownFileType = sourcecode.swift; path = StudentLocation.swift; sourceTree = "<group>"; };
		73B9D71B27E3D0D900FC82AD /* ErrorResponse.swift */ = {isa = PBXFileReference; lastKnownFileType = sourcecode.swift; path = ErrorResponse.swift; sourceTree = "<group>"; };
		73B9D72127E3E45200FC82AD /* BaseViewController.swift */ = {isa = PBXFileReference; fileEncoding = 4; lastKnownFileType = sourcecode.swift; path = BaseViewController.swift; sourceTree = "<group>"; };
/* End PBXFileReference section */

/* Begin PBXFrameworksBuildPhase section */
		73B674E027E1399700EA406D /* Frameworks */ = {
			isa = PBXFrameworksBuildPhase;
			buildActionMask = 2147483647;
			files = (
			);
			runOnlyForDeploymentPostprocessing = 0;
		};
/* End PBXFrameworksBuildPhase section */

/* Begin PBXGroup section */
		73B674DA27E1399700EA406D = {
			isa = PBXGroup;
			children = (
				73B674E527E1399700EA406D /* OnTheMap */,
				73B674E427E1399700EA406D /* Products */,
			);
			sourceTree = "<group>";
		};
		73B674E427E1399700EA406D /* Products */ = {
			isa = PBXGroup;
			children = (
				73B674E327E1399700EA406D /* OnTheMap.app */,
			);
			name = Products;
			sourceTree = "<group>";
		};
		73B674E527E1399700EA406D /* OnTheMap */ = {
			isa = PBXGroup;
			children = (
				73B674E627E1399700EA406D /* AppDelegate.swift */,
				73B674E827E1399700EA406D /* SceneDelegate.swift */,
				73B9D70427E142AF00FC82AD /* Model */,
				73B674FB27E13D6500EA406D /* Controller */,
				73B674FA27E13D4700EA406D /* View */,
				73B674EF27E1399A00EA406D /* Assets.xcassets */,
				73B674F427E1399A00EA406D /* Info.plist */,
			);
			path = OnTheMap;
			sourceTree = "<group>";
		};
		73B674FA27E13D4700EA406D /* View */ = {
			isa = PBXGroup;
			children = (
				73B674EC27E1399700EA406D /* Main.storyboard */,
				73B674F127E1399A00EA406D /* LaunchScreen.storyboard */,
			);
			path = View;
			sourceTree = "<group>";
		};
		73B674FB27E13D6500EA406D /* Controller */ = {
			isa = PBXGroup;
			children = (
				73B9D72127E3E45200FC82AD /* BaseViewController.swift */,
				73B674FE27E13DAB00EA406D /* ListViewController.swift */,
				73B674EA27E1399700EA406D /* LoginViewController.swift */,
				73B674FC27E13D7A00EA406D /* MapViewController.swift */,
			);
			path = Controller;
			sourceTree = "<group>";
		};
		73B9D70427E142AF00FC82AD /* Model */ = {
			isa = PBXGroup;
			children = (
				73B9D71227E2E6E800FC82AD /* Data */,
				73B9D70F27E2D3C500FC82AD /* Response */,
				73B9D70E27E2D3A900FC82AD /* Request */,
				73B9D70927E2937700FC82AD /* API */,
				73B9D70227E142A900FC82AD /* StudentInformation.swift */,
			);
			path = Model;
			sourceTree = "<group>";
		};
		73B9D70927E2937700FC82AD /* API */ = {
			isa = PBXGroup;
			children = (
				73B9D70727E2936D00FC82AD /* UdacityClient.swift */,
			);
			path = API;
			sourceTree = "<group>";
		};
		73B9D70E27E2D3A900FC82AD /* Request */ = {
			isa = PBXGroup;
			children = (
				73B9D70A27E2949500FC82AD /* UdacityCredentials.swift */,
			);
			path = Request;
			sourceTree = "<group>";
		};
		73B9D70F27E2D3C500FC82AD /* Response */ = {
			isa = PBXGroup;
			children = (
				73B9D71027E2D3E500FC82AD /* LoginResponse.swift */,
				73B9D71527E2EA3200FC82AD /* StudentInformationResponse.swift */,
				73B9D71B27E3D0D900FC82AD /* ErrorResponse.swift */,
			);
			path = Response;
			sourceTree = "<group>";
		};
		73B9D71227E2E6E800FC82AD /* Data */ = {
			isa = PBXGroup;
			children = (
				73B9D71327E2E70700FC82AD /* StudentData.swift */,
				73B9D71727E39A5900FC82AD /* StudentLocation.swift */,
			);
			path = Data;
			sourceTree = "<group>";
		};
/* End PBXGroup section */

/* Begin PBXNativeTarget section */
		73B674E227E1399700EA406D /* OnTheMap */ = {
			isa = PBXNativeTarget;
			buildConfigurationList = 73B674F727E1399A00EA406D /* Build configuration list for PBXNativeTarget "OnTheMap" */;
			buildPhases = (
				73B674DF27E1399700EA406D /* Sources */,
				73B674E027E1399700EA406D /* Frameworks */,
				73B674E127E1399700EA406D /* Resources */,
			);
			buildRules = (
			);
			dependencies = (
			);
			name = OnTheMap;
			productName = OnTheMap;
			productReference = 73B674E327E1399700EA406D /* OnTheMap.app */;
			productType = "com.apple.product-type.application";
		};
/* End PBXNativeTarget section */

/* Begin PBXProject section */
		73B674DB27E1399700EA406D /* Project object */ = {
			isa = PBXProject;
			attributes = {
				BuildIndependentTargetsInParallel = 1;
				LastSwiftUpdateCheck = 1320;
				LastUpgradeCheck = 1320;
				TargetAttributes = {
					73B674E227E1399700EA406D = {
						CreatedOnToolsVersion = 13.2.1;
					};
				};
			};
			buildConfigurationList = 73B674DE27E1399700EA406D /* Build configuration list for PBXProject "OnTheMap" */;
			compatibilityVersion = "Xcode 13.0";
			developmentRegion = en;
			hasScannedForEncodings = 0;
			knownRegions = (
				en,
				Base,
			);
			mainGroup = 73B674DA27E1399700EA406D;
			productRefGroup = 73B674E427E1399700EA406D /* Products */;
			projectDirPath = "";
			projectRoot = "";
			targets = (
				73B674E227E1399700EA406D /* OnTheMap */,
			);
		};
/* End PBXProject section */

/* Begin PBXResourcesBuildPhase section */
		73B674E127E1399700EA406D /* Resources */ = {
			isa = PBXResourcesBuildPhase;
			buildActionMask = 2147483647;
			files = (
				73B674F327E1399A00EA406D /* LaunchScreen.storyboard in Resources */,
				73B674F027E1399A00EA406D /* Assets.xcassets in Resources */,
				73B674EE27E1399700EA406D /* Main.storyboard in Resources */,
			);
			runOnlyForDeploymentPostprocessing = 0;
		};
/* End PBXResourcesBuildPhase section */

/* Begin PBXSourcesBuildPhase section */
		73B674DF27E1399700EA406D /* Sources */ = {
			isa = PBXSourcesBuildPhase;
			buildActionMask = 2147483647;
			files = (
				73B9D71827E39A5900FC82AD /* StudentLocation.swift in Sources */,
				73B9D70327E142A900FC82AD /* StudentInformation.swift in Sources */,
				73B674EB27E1399700EA406D /* LoginViewController.swift in Sources */,
				73B9D70B27E2949500FC82AD /* UdacityCredentials.swift in Sources */,
				73B9D71127E2D3E500FC82AD /* LoginResponse.swift in Sources */,
				73B9D72227E3E45200FC82AD /* BaseViewController.swift in Sources */,
				73B674E727E1399700EA406D /* AppDelegate.swift in Sources */,
				73B674E927E1399700EA406D /* SceneDelegate.swift in Sources */,
				73B674FF27E13DAB00EA406D /* ListViewController.swift in Sources */,
				73B9D70827E2936D00FC82AD /* UdacityClient.swift in Sources */,
				73B9D71627E2EA3200FC82AD /* StudentInformationResponse.swift in Sources */,
				73B674FD27E13D7A00EA406D /* MapViewController.swift in Sources */,
				73B9D71427E2E70700FC82AD /* StudentData.swift in Sources */,
				73B9D71C27E3D0D900FC82AD /* ErrorResponse.swift in Sources */,
			);
			runOnlyForDeploymentPostprocessing = 0;
		};
/* End PBXSourcesBuildPhase section */

/* Begin PBXVariantGroup section */
		73B674EC27E1399700EA406D /* Main.storyboard */ = {
			isa = PBXVariantGroup;
			children = (
				73B674ED27E1399700EA406D /* Base */,
			);
			name = Main.storyboard;
			sourceTree = "<group>";
		};
		73B674F127E1399A00EA406D /* LaunchScreen.storyboard */ = {
			isa = PBXVariantGroup;
			children = (
				73B674F227E1399A00EA406D /* Base */,
			);
			name = LaunchScreen.storyboard;
			sourceTree = "<group>";
		};
/* End PBXVariantGroup section */

/* Begin XCBuildConfiguration section */
		73B674F527E1399A00EA406D /* Debug */ = {
			isa = XCBuildConfiguration;
			buildSettings = {
				ALWAYS_SEARCH_USER_PATHS = NO;
				CLANG_ANALYZER_NONNULL = YES;
				CLANG_ANALYZER_NUMBER_OBJECT_CONVERSION = YES_AGGRESSIVE;
				CLANG_CXX_LANGUAGE_STANDARD = "gnu++17";
				CLANG_CXX_LIBRARY = "libc++";
				CLANG_ENABLE_MODULES = YES;
				CLANG_ENABLE_OBJC_ARC = YES;
				CLANG_ENABLE_OBJC_WEAK = YES;
				CLANG_WARN_BLOCK_CAPTURE_AUTORELEASING = YES;
				CLANG_WARN_BOOL_CONVERSION = YES;
				CLANG_WARN_COMMA = YES;
				CLANG_WARN_CONSTANT_CONVERSION = YES;
				CLANG_WARN_DEPRECATED_OBJC_IMPLEMENTATIONS = YES;
				CLANG_WARN_DIRECT_OBJC_ISA_USAGE = YES_ERROR;
				CLANG_WARN_DOCUMENTATION_COMMENTS = YES;
				CLANG_WARN_EMPTY_BODY = YES;
				CLANG_WARN_ENUM_CONVERSION = YES;
				CLANG_WARN_INFINITE_RECURSION = YES;
				CLANG_WARN_INT_CONVERSION = YES;
				CLANG_WARN_NON_LITERAL_NULL_CONVERSION = YES;
				CLANG_WARN_OBJC_IMPLICIT_RETAIN_SELF = YES;
				CLANG_WARN_OBJC_LITERAL_CONVERSION = YES;
				CLANG_WARN_OBJC_ROOT_CLASS = YES_ERROR;
				CLANG_WARN_QUOTED_INCLUDE_IN_FRAMEWORK_HEADER = YES;
				CLANG_WARN_RANGE_LOOP_ANALYSIS = YES;
				CLANG_WARN_STRICT_PROTOTYPES = YES;
				CLANG_WARN_SUSPICIOUS_MOVE = YES;
				CLANG_WARN_UNGUARDED_AVAILABILITY = YES_AGGRESSIVE;
				CLANG_WARN_UNREACHABLE_CODE = YES;
				CLANG_WARN__DUPLICATE_METHOD_MATCH = YES;
				COPY_PHASE_STRIP = NO;
				DEBUG_INFORMATION_FORMAT = dwarf;
				ENABLE_STRICT_OBJC_MSGSEND = YES;
				ENABLE_TESTABILITY = YES;
				GCC_C_LANGUAGE_STANDARD = gnu11;
				GCC_DYNAMIC_NO_PIC = NO;
				GCC_NO_COMMON_BLOCKS = YES;
				GCC_OPTIMIZATION_LEVEL = 0;
				GCC_PREPROCESSOR_DEFINITIONS = (
					"DEBUG=1",
					"$(inherited)",
				);
				GCC_WARN_64_TO_32_BIT_CONVERSION = YES;
				GCC_WARN_ABOUT_RETURN_TYPE = YES_ERROR;
				GCC_WARN_UNDECLARED_SELECTOR = YES;
				GCC_WARN_UNINITIALIZED_AUTOS = YES_AGGRESSIVE;
				GCC_WARN_UNUSED_FUNCTION = YES;
				GCC_WARN_UNUSED_VARIABLE = YES;
				IPHONEOS_DEPLOYMENT_TARGET = 15.2;
				MTL_ENABLE_DEBUG_INFO = INCLUDE_SOURCE;
				MTL_FAST_MATH = YES;
				ONLY_ACTIVE_ARCH = YES;
				SDKROOT = iphoneos;
				SWIFT_ACTIVE_COMPILATION_CONDITIONS = DEBUG;
				SWIFT_OPTIMIZATION_LEVEL = "-Onone";
			};
			name = Debug;
		};
		73B674F627E1399A00EA406D /* Release */ = {
			isa = XCBuildConfiguration;
			buildSettings = {
				ALWAYS_SEARCH_USER_PATHS = NO;
				CLANG_ANALYZER_NONNULL = YES;
				CLANG_ANALYZER_NUMBER_OBJECT_CONVERSION = YES_AGGRESSIVE;
				CLANG_CXX_LANGUAGE_STANDARD = "gnu++17";
				CLANG_CXX_LIBRARY = "libc++";
				CLANG_ENABLE_MODULES = YES;
				CLANG_ENABLE_OBJC_ARC = YES;
				CLANG_ENABLE_OBJC_WEAK = YES;
				CLANG_WARN_BLOCK_CAPTURE_AUTORELEASING = YES;
				CLANG_WARN_BOOL_CONVERSION = YES;
				CLANG_WARN_COMMA = YES;
				CLANG_WARN_CONSTANT_CONVERSION = YES;
				CLANG_WARN_DEPRECATED_OBJC_IMPLEMENTATIONS = YES;
				CLANG_WARN_DIRECT_OBJC_ISA_USAGE = YES_ERROR;
				CLANG_WARN_DOCUMENTATION_COMMENTS = YES;
				CLANG_WARN_EMPTY_BODY = YES;
				CLANG_WARN_ENUM_CONVERSION = YES;
				CLANG_WARN_INFINITE_RECURSION = YES;
				CLANG_WARN_INT_CONVERSION = YES;
				CLANG_WARN_NON_LITERAL_NULL_CONVERSION = YES;
				CLANG_WARN_OBJC_IMPLICIT_RETAIN_SELF = YES;
				CLANG_WARN_OBJC_LITERAL_CONVERSION = YES;
				CLANG_WARN_OBJC_ROOT_CLASS = YES_ERROR;
				CLANG_WARN_QUOTED_INCLUDE_IN_FRAMEWORK_HEADER = YES;
				CLANG_WARN_RANGE_LOOP_ANALYSIS = YES;
				CLANG_WARN_STRICT_PROTOTYPES = YES;
				CLANG_WARN_SUSPICIOUS_MOVE = YES;
				CLANG_WARN_UNGUARDED_AVAILABILITY = YES_AGGRESSIVE;
				CLANG_WARN_UNREACHABLE_CODE = YES;
				CLANG_WARN__DUPLICATE_METHOD_MATCH = YES;
				COPY_PHASE_STRIP = NO;
				DEBUG_INFORMATION_FORMAT = "dwarf-with-dsym";
				ENABLE_NS_ASSERTIONS = NO;
				ENABLE_STRICT_OBJC_MSGSEND = YES;
				GCC_C_LANGUAGE_STANDARD = gnu11;
				GCC_NO_COMMON_BLOCKS = YES;
				GCC_WARN_64_TO_32_BIT_CONVERSION = YES;
				GCC_WARN_ABOUT_RETURN_TYPE = YES_ERROR;
				GCC_WARN_UNDECLARED_SELECTOR = YES;
				GCC_WARN_UNINITIALIZED_AUTOS = YES_AGGRESSIVE;
				GCC_WARN_UNUSED_FUNCTION = YES;
				GCC_WARN_UNUSED_VARIABLE = YES;
				IPHONEOS_DEPLOYMENT_TARGET = 15.2;
				MTL_ENABLE_DEBUG_INFO = NO;
				MTL_FAST_MATH = YES;
				SDKROOT = iphoneos;
				SWIFT_COMPILATION_MODE = wholemodule;
				SWIFT_OPTIMIZATION_LEVEL = "-O";
				VALIDATE_PRODUCT = YES;
			};
			name = Release;
		};
		73B674F827E1399A00EA406D /* Debug */ = {
			isa = XCBuildConfiguration;
			buildSettings = {
				ASSETCATALOG_COMPILER_APPICON_NAME = AppIcon;
				ASSETCATALOG_COMPILER_GLOBAL_ACCENT_COLOR_NAME = AccentColor;
				CODE_SIGN_STYLE = Automatic;
				CURRENT_PROJECT_VERSION = 1;
				GENERATE_INFOPLIST_FILE = YES;
				INFOPLIST_FILE = OnTheMap/Info.plist;
				INFOPLIST_KEY_UIApplicationSupportsIndirectInputEvents = YES;
				INFOPLIST_KEY_UILaunchStoryboardName = LaunchScreen;
				INFOPLIST_KEY_UIMainStoryboardFile = Main;
				INFOPLIST_KEY_UISupportedInterfaceOrientations_iPad = "UIInterfaceOrientationPortrait UIInterfaceOrientationPortraitUpsideDown UIInterfaceOrientationLandscapeLeft UIInterfaceOrientationLandscapeRight";
				INFOPLIST_KEY_UISupportedInterfaceOrientations_iPhone = "UIInterfaceOrientationPortrait UIInterfaceOrientationLandscapeLeft UIInterfaceOrientationLandscapeRight";
				LD_RUNPATH_SEARCH_PATHS = (
					"$(inherited)",
					"@executable_path/Frameworks",
				);
				MARKETING_VERSION = 1.0;
				PRODUCT_BUNDLE_IDENTIFIER = com.majernik.OnTheMap;
				PRODUCT_NAME = "$(TARGET_NAME)";
				SWIFT_EMIT_LOC_STRINGS = YES;
				SWIFT_VERSION = 5.0;
				TARGETED_DEVICE_FAMILY = "1,2";
			};
			name = Debug;
		};
		73B674F927E1399A00EA406D /* Release */ = {
			isa = XCBuildConfiguration;
			buildSettings = {
				ASSETCATALOG_COMPILER_APPICON_NAME = AppIcon;
				ASSETCATALOG_COMPILER_GLOBAL_ACCENT_COLOR_NAME = AccentColor;
				CODE_SIGN_STYLE = Automatic;
				CURRENT_PROJECT_VERSION = 1;
				GENERATE_INFOPLIST_FILE = YES;
				INFOPLIST_FILE = OnTheMap/Info.plist;
				INFOPLIST_KEY_UIApplicationSupportsIndirectInputEvents = YES;
				INFOPLIST_KEY_UILaunchStoryboardName = LaunchScreen;
				INFOPLIST_KEY_UIMainStoryboardFile = Main;
				INFOPLIST_KEY_UISupportedInterfaceOrientations_iPad = "UIInterfaceOrientationPortrait UIInterfaceOrientationPortraitUpsideDown UIInterfaceOrientationLandscapeLeft UIInterfaceOrientationLandscapeRight";
				INFOPLIST_KEY_UISupportedInterfaceOrientations_iPhone = "UIInterfaceOrientationPortrait UIInterfaceOrientationLandscapeLeft UIInterfaceOrientationLandscapeRight";
				LD_RUNPATH_SEARCH_PATHS = (
					"$(inherited)",
					"@executable_path/Frameworks",
				);
				MARKETING_VERSION = 1.0;
				PRODUCT_BUNDLE_IDENTIFIER = com.majernik.OnTheMap;
				PRODUCT_NAME = "$(TARGET_NAME)";
				SWIFT_EMIT_LOC_STRINGS = YES;
				SWIFT_VERSION = 5.0;
				TARGETED_DEVICE_FAMILY = "1,2";
			};
			name = Release;
		};
/* End XCBuildConfiguration section */

/* Begin XCConfigurationList section */
		73B674DE27E1399700EA406D /* Build configuration list for PBXProject "OnTheMap" */ = {
			isa = XCConfigurationList;
			buildConfigurations = (
				73B674F527E1399A00EA406D /* Debug */,
				73B674F627E1399A00EA406D /* Release */,
			);
			defaultConfigurationIsVisible = 0;
			defaultConfigurationName = Release;
		};
		73B674F727E1399A00EA406D /* Build configuration list for PBXNativeTarget "OnTheMap" */ = {
			isa = XCConfigurationList;
			buildConfigurations = (
				73B674F827E1399A00EA406D /* Debug */,
				73B674F927E1399A00EA406D /* Release */,
			);
			defaultConfigurationIsVisible = 0;
			defaultConfigurationName = Release;
		};
/* End XCConfigurationList section */
	};
	rootObject = 73B674DB27E1399700EA406D /* Project object */;
}
